// !$*UTF8*$!
{
	archiveVersion = 1;
	classes = {
	};
	objectVersion = 46;
	objects = {

/* Begin PBXBuildFile section */
		14B2C0EE32B49EC7242ABDF1 /* Pods.framework in Frameworks */ = {isa = PBXBuildFile; fileRef = 02D7CE671DEC3124877A3C67 /* Pods.framework */; settings = {ATTRIBUTES = (Weak, ); }; };
		CD37B8A61AD5772D00B4003C /* libGexinSdk-1.1.1.a in Frameworks */ = {isa = PBXBuildFile; fileRef = CD37B8A51AD5772D00B4003C /* libGexinSdk-1.1.1.a */; };
		CD6024FC1AD584B9008C09D2 /* pick_bg@2x.png in Resources */ = {isa = PBXBuildFile; fileRef = CD6024F71AD584B9008C09D2 /* pick_bg@2x.png */; };
		CD6025061AD59648008C09D2 /* Icon.png in Resources */ = {isa = PBXBuildFile; fileRef = CD6025041AD59648008C09D2 /* Icon.png */; };
		CD6025071AD59648008C09D2 /* Icon@2x.png in Resources */ = {isa = PBXBuildFile; fileRef = CD6025051AD59648008C09D2 /* Icon@2x.png */; };
		CD62AC2A1AC9860E00691138 /* ScanViewController.swift in Sources */ = {isa = PBXBuildFile; fileRef = CD62AC291AC9860E00691138 /* ScanViewController.swift */; };
		CDB5C5851AC847320035ECBC /* libz.dylib in Frameworks */ = {isa = PBXBuildFile; fileRef = CDB5C5841AC847320035ECBC /* libz.dylib */; };
		CDB5C5871AC847440035ECBC /* libsqlite3.dylib in Frameworks */ = {isa = PBXBuildFile; fileRef = CDB5C5861AC847440035ECBC /* libsqlite3.dylib */; };
		CDB5C5891AC8474F0035ECBC /* Security.framework in Frameworks */ = {isa = PBXBuildFile; fileRef = CDB5C5881AC8474F0035ECBC /* Security.framework */; };
		CDB5C58B1AC847590035ECBC /* SystemConfiguration.framework in Frameworks */ = {isa = PBXBuildFile; fileRef = CDB5C58A1AC847590035ECBC /* SystemConfiguration.framework */; };
		CDB5C58D1AC847610035ECBC /* CFNetwork.framework in Frameworks */ = {isa = PBXBuildFile; fileRef = CDB5C58C1AC847610035ECBC /* CFNetwork.framework */; };
		CDBB1A271AD92DC600D5EAAC /* Reachability.swift in Sources */ = {isa = PBXBuildFile; fileRef = CDBB1A261AD92DC600D5EAAC /* Reachability.swift */; };
		CDF513A01AC6F201000C4134 /* AppDelegate.swift in Sources */ = {isa = PBXBuildFile; fileRef = CDF5139F1AC6F201000C4134 /* AppDelegate.swift */; };
		CDF513A21AC6F201000C4134 /* ViewController.swift in Sources */ = {isa = PBXBuildFile; fileRef = CDF513A11AC6F201000C4134 /* ViewController.swift */; };
		CDF513A51AC6F201000C4134 /* Main.storyboard in Resources */ = {isa = PBXBuildFile; fileRef = CDF513A31AC6F201000C4134 /* Main.storyboard */; };
		CDF513A71AC6F201000C4134 /* Images.xcassets in Resources */ = {isa = PBXBuildFile; fileRef = CDF513A61AC6F201000C4134 /* Images.xcassets */; };
		CDF513AA1AC6F201000C4134 /* LaunchScreen.xib in Resources */ = {isa = PBXBuildFile; fileRef = CDF513A81AC6F201000C4134 /* LaunchScreen.xib */; };
		CDF513B61AC6F201000C4134 /* ClearGuestTests.swift in Sources */ = {isa = PBXBuildFile; fileRef = CDF513B51AC6F201000C4134 /* ClearGuestTests.swift */; };
/* End PBXBuildFile section */

/* Begin PBXContainerItemProxy section */
		CDF513B01AC6F201000C4134 /* PBXContainerItemProxy */ = {
			isa = PBXContainerItemProxy;
			containerPortal = CDF513921AC6F201000C4134 /* Project object */;
			proxyType = 1;
			remoteGlobalIDString = CDF513991AC6F201000C4134;
			remoteInfo = ClearGuest;
		};
/* End PBXContainerItemProxy section */

/* Begin PBXFileReference section */
		02D7CE671DEC3124877A3C67 /* Pods.framework */ = {isa = PBXFileReference; explicitFileType = wrapper.framework; includeInIndex = 0; path = Pods.framework; sourceTree = BUILT_PRODUCTS_DIR; };
		15D9A27D652BA29DEA046721 /* Pods.debug.xcconfig */ = {isa = PBXFileReference; includeInIndex = 1; lastKnownFileType = text.xcconfig; name = Pods.debug.xcconfig; path = "Pods/Target Support Files/Pods/Pods.debug.xcconfig"; sourceTree = "<group>"; };
		C77EE855AC23E0FEB7467A8D /* Pods.release.xcconfig */ = {isa = PBXFileReference; includeInIndex = 1; lastKnownFileType = text.xcconfig; name = Pods.release.xcconfig; path = "Pods/Target Support Files/Pods/Pods.release.xcconfig"; sourceTree = "<group>"; };
		CD37B8A51AD5772D00B4003C /* libGexinSdk-1.1.1.a */ = {isa = PBXFileReference; lastKnownFileType = archive.ar; path = "libGexinSdk-1.1.1.a"; sourceTree = "<group>"; };
		CD6024F71AD584B9008C09D2 /* pick_bg@2x.png */ = {isa = PBXFileReference; lastKnownFileType = image.png; path = "pick_bg@2x.png"; sourceTree = "<group>"; };
		CD6025041AD59648008C09D2 /* Icon.png */ = {isa = PBXFileReference; lastKnownFileType = image.png; path = Icon.png; sourceTree = "<group>"; };
		CD6025051AD59648008C09D2 /* Icon@2x.png */ = {isa = PBXFileReference; lastKnownFileType = image.png; path = "Icon@2x.png"; sourceTree = "<group>"; };
		CD62AC291AC9860E00691138 /* ScanViewController.swift */ = {isa = PBXFileReference; fileEncoding = 4; lastKnownFileType = sourcecode.swift; path = ScanViewController.swift; sourceTree = "<group>"; };
		CDB5C5801AC846330035ECBC /* GexinSdk.h */ = {isa = PBXFileReference; fileEncoding = 4; lastKnownFileType = sourcecode.c.h; path = GexinSdk.h; sourceTree = "<group>"; };
		CDB5C5811AC846330035ECBC /* GXSdkError.h */ = {isa = PBXFileReference; fileEncoding = 4; lastKnownFileType = sourcecode.c.h; path = GXSdkError.h; sourceTree = "<group>"; };
		CDB5C5841AC847320035ECBC /* libz.dylib */ = {isa = PBXFileReference; lastKnownFileType = "compiled.mach-o.dylib"; name = libz.dylib; path = usr/lib/libz.dylib; sourceTree = SDKROOT; };
		CDB5C5861AC847440035ECBC /* libsqlite3.dylib */ = {isa = PBXFileReference; lastKnownFileType = "compiled.mach-o.dylib"; name = libsqlite3.dylib; path = usr/lib/libsqlite3.dylib; sourceTree = SDKROOT; };
		CDB5C5881AC8474F0035ECBC /* Security.framework */ = {isa = PBXFileReference; lastKnownFileType = wrapper.framework; name = Security.framework; path = System/Library/Frameworks/Security.framework; sourceTree = SDKROOT; };
		CDB5C58A1AC847590035ECBC /* SystemConfiguration.framework */ = {isa = PBXFileReference; lastKnownFileType = wrapper.framework; name = SystemConfiguration.framework; path = System/Library/Frameworks/SystemConfiguration.framework; sourceTree = SDKROOT; };
		CDB5C58C1AC847610035ECBC /* CFNetwork.framework */ = {isa = PBXFileReference; lastKnownFileType = wrapper.framework; name = CFNetwork.framework; path = System/Library/Frameworks/CFNetwork.framework; sourceTree = SDKROOT; };
		CDB5C5A21AC97BA70035ECBC /* SwiftObjcHeader.h */ = {isa = PBXFileReference; fileEncoding = 4; lastKnownFileType = sourcecode.c.h; path = SwiftObjcHeader.h; sourceTree = "<group>"; };
		CDBB1A261AD92DC600D5EAAC /* Reachability.swift */ = {isa = PBXFileReference; fileEncoding = 4; lastKnownFileType = sourcecode.swift; path = Reachability.swift; sourceTree = "<group>"; };
		CDF5139A1AC6F201000C4134 /* ClearGuest.app */ = {isa = PBXFileReference; explicitFileType = wrapper.application; includeInIndex = 0; path = ClearGuest.app; sourceTree = BUILT_PRODUCTS_DIR; };
		CDF5139E1AC6F201000C4134 /* Info.plist */ = {isa = PBXFileReference; lastKnownFileType = text.plist.xml; path = Info.plist; sourceTree = "<group>"; };
		CDF5139F1AC6F201000C4134 /* AppDelegate.swift */ = {isa = PBXFileReference; lastKnownFileType = sourcecode.swift; path = AppDelegate.swift; sourceTree = "<group>"; };
		CDF513A11AC6F201000C4134 /* ViewController.swift */ = {isa = PBXFileReference; lastKnownFileType = sourcecode.swift; path = ViewController.swift; sourceTree = "<group>"; };
		CDF513A41AC6F201000C4134 /* Base */ = {isa = PBXFileReference; lastKnownFileType = file.storyboard; name = Base; path = Base.lproj/Main.storyboard; sourceTree = "<group>"; };
		CDF513A61AC6F201000C4134 /* Images.xcassets */ = {isa = PBXFileReference; lastKnownFileType = folder.assetcatalog; path = Images.xcassets; sourceTree = "<group>"; };
		CDF513A91AC6F201000C4134 /* Base */ = {isa = PBXFileReference; lastKnownFileType = file.xib; name = Base; path = Base.lproj/LaunchScreen.xib; sourceTree = "<group>"; };
		CDF513AF1AC6F201000C4134 /* ClearGuestTests.xctest */ = {isa = PBXFileReference; explicitFileType = wrapper.cfbundle; includeInIndex = 0; path = ClearGuestTests.xctest; sourceTree = BUILT_PRODUCTS_DIR; };
		CDF513B41AC6F201000C4134 /* Info.plist */ = {isa = PBXFileReference; lastKnownFileType = text.plist.xml; path = Info.plist; sourceTree = "<group>"; };
		CDF513B51AC6F201000C4134 /* ClearGuestTests.swift */ = {isa = PBXFileReference; lastKnownFileType = sourcecode.swift; path = ClearGuestTests.swift; sourceTree = "<group>"; };
/* End PBXFileReference section */

/* Begin PBXFrameworksBuildPhase section */
		CDF513971AC6F201000C4134 /* Frameworks */ = {
			isa = PBXFrameworksBuildPhase;
			buildActionMask = 2147483647;
			files = (
				CDB5C58D1AC847610035ECBC /* CFNetwork.framework in Frameworks */,
				CDB5C58B1AC847590035ECBC /* SystemConfiguration.framework in Frameworks */,
				CDB5C5891AC8474F0035ECBC /* Security.framework in Frameworks */,
				CD37B8A61AD5772D00B4003C /* libGexinSdk-1.1.1.a in Frameworks */,
				CDB5C5871AC847440035ECBC /* libsqlite3.dylib in Frameworks */,
				CDB5C5851AC847320035ECBC /* libz.dylib in Frameworks */,
				14B2C0EE32B49EC7242ABDF1 /* Pods.framework in Frameworks */,
			);
			runOnlyForDeploymentPostprocessing = 0;
		};
		CDF513AC1AC6F201000C4134 /* Frameworks */ = {
			isa = PBXFrameworksBuildPhase;
			buildActionMask = 2147483647;
			files = (
			);
			runOnlyForDeploymentPostprocessing = 0;
		};
/* End PBXFrameworksBuildPhase section */

/* Begin PBXGroup section */
		53FBBB3479A874F1A89DD0A1 /* Pods */ = {
			isa = PBXGroup;
			children = (
				15D9A27D652BA29DEA046721 /* Pods.debug.xcconfig */,
				C77EE855AC23E0FEB7467A8D /* Pods.release.xcconfig */,
			);
			name = Pods;
			sourceTree = "<group>";
		};
		CD6024F21AD584B9008C09D2 /* pictures */ = {
			isa = PBXGroup;
			children = (
				CD6025041AD59648008C09D2 /* Icon.png */,
				CD6025051AD59648008C09D2 /* Icon@2x.png */,
				CD6024F71AD584B9008C09D2 /* pick_bg@2x.png */,
			);
			path = pictures;
			sourceTree = "<group>";
		};
		CDB5C57D1AC846330035ECBC /* ThirdPart */ = {
			isa = PBXGroup;
			children = (
				CDB5C57E1AC846330035ECBC /* getui */,
			);
			path = ThirdPart;
			sourceTree = "<group>";
		};
		CDB5C57E1AC846330035ECBC /* getui */ = {
			isa = PBXGroup;
			children = (
				CD37B8A51AD5772D00B4003C /* libGexinSdk-1.1.1.a */,
				CDB5C57F1AC846330035ECBC /* include */,
			);
			path = getui;
			sourceTree = "<group>";
		};
		CDB5C57F1AC846330035ECBC /* include */ = {
			isa = PBXGroup;
			children = (
				CDB5C5801AC846330035ECBC /* GexinSdk.h */,
				CDB5C5811AC846330035ECBC /* GXSdkError.h */,
			);
			path = include;
			sourceTree = "<group>";
		};
		CDF513911AC6F201000C4134 = {
			isa = PBXGroup;
			children = (
				CDB5C57D1AC846330035ECBC /* ThirdPart */,
				CDF5139C1AC6F201000C4134 /* ClearGuest */,
				CDF513B21AC6F201000C4134 /* ClearGuestTests */,
				CDF5139B1AC6F201000C4134 /* Products */,
				53FBBB3479A874F1A89DD0A1 /* Pods */,
				F574EC2EA7E8B7AB08EC8F92 /* Frameworks */,
			);
			sourceTree = "<group>";
		};
		CDF5139B1AC6F201000C4134 /* Products */ = {
			isa = PBXGroup;
			children = (
				CDF5139A1AC6F201000C4134 /* ClearGuest.app */,
				CDF513AF1AC6F201000C4134 /* ClearGuestTests.xctest */,
			);
			name = Products;
			sourceTree = "<group>";
		};
		CDF5139C1AC6F201000C4134 /* ClearGuest */ = {
			isa = PBXGroup;
			children = (
				CDBB1A261AD92DC600D5EAAC /* Reachability.swift */,
				CD6024F21AD584B9008C09D2 /* pictures */,
				CD62AC291AC9860E00691138 /* ScanViewController.swift */,
				CDF5139F1AC6F201000C4134 /* AppDelegate.swift */,
				CDF513A11AC6F201000C4134 /* ViewController.swift */,
				CDF513A31AC6F201000C4134 /* Main.storyboard */,
				CDF513A61AC6F201000C4134 /* Images.xcassets */,
				CDF513A81AC6F201000C4134 /* LaunchScreen.xib */,
				CDF5139D1AC6F201000C4134 /* Supporting Files */,
				CDB5C5A21AC97BA70035ECBC /* SwiftObjcHeader.h */,
			);
			path = ClearGuest;
			sourceTree = "<group>";
		};
		CDF5139D1AC6F201000C4134 /* Supporting Files */ = {
			isa = PBXGroup;
			children = (
				CDF5139E1AC6F201000C4134 /* Info.plist */,
			);
			name = "Supporting Files";
			sourceTree = "<group>";
		};
		CDF513B21AC6F201000C4134 /* ClearGuestTests */ = {
			isa = PBXGroup;
			children = (
				CDF513B51AC6F201000C4134 /* ClearGuestTests.swift */,
				CDF513B31AC6F201000C4134 /* Supporting Files */,
			);
			path = ClearGuestTests;
			sourceTree = "<group>";
		};
		CDF513B31AC6F201000C4134 /* Supporting Files */ = {
			isa = PBXGroup;
			children = (
				CDF513B41AC6F201000C4134 /* Info.plist */,
			);
			name = "Supporting Files";
			sourceTree = "<group>";
		};
		F574EC2EA7E8B7AB08EC8F92 /* Frameworks */ = {
			isa = PBXGroup;
			children = (
				CDB5C58C1AC847610035ECBC /* CFNetwork.framework */,
				CDB5C58A1AC847590035ECBC /* SystemConfiguration.framework */,
				CDB5C5881AC8474F0035ECBC /* Security.framework */,
				CDB5C5861AC847440035ECBC /* libsqlite3.dylib */,
				CDB5C5841AC847320035ECBC /* libz.dylib */,
				02D7CE671DEC3124877A3C67 /* Pods.framework */,
			);
			name = Frameworks;
			sourceTree = "<group>";
		};
/* End PBXGroup section */

/* Begin PBXNativeTarget section */
		CDF513991AC6F201000C4134 /* ClearGuest */ = {
			isa = PBXNativeTarget;
			buildConfigurationList = CDF513B91AC6F201000C4134 /* Build configuration list for PBXNativeTarget "ClearGuest" */;
			buildPhases = (
				DF7720B2757A65ACC38327B7 /* Check Pods Manifest.lock */,
				CDF513961AC6F201000C4134 /* Sources */,
				CDF513971AC6F201000C4134 /* Frameworks */,
				CDF513981AC6F201000C4134 /* Resources */,
				12B5C1A136576F8BD0679DEF /* Embed Pods Frameworks */,
				DFF9616708B229F495993764 /* Copy Pods Resources */,
			);
			buildRules = (
			);
			dependencies = (
			);
			name = ClearGuest;
			productName = ClearGuest;
			productReference = CDF5139A1AC6F201000C4134 /* ClearGuest.app */;
			productType = "com.apple.product-type.application";
		};
		CDF513AE1AC6F201000C4134 /* ClearGuestTests */ = {
			isa = PBXNativeTarget;
			buildConfigurationList = CDF513BC1AC6F201000C4134 /* Build configuration list for PBXNativeTarget "ClearGuestTests" */;
			buildPhases = (
				CDF513AB1AC6F201000C4134 /* Sources */,
				CDF513AC1AC6F201000C4134 /* Frameworks */,
				CDF513AD1AC6F201000C4134 /* Resources */,
			);
			buildRules = (
			);
			dependencies = (
				CDF513B11AC6F201000C4134 /* PBXTargetDependency */,
			);
			name = ClearGuestTests;
			productName = ClearGuestTests;
			productReference = CDF513AF1AC6F201000C4134 /* ClearGuestTests.xctest */;
			productType = "com.apple.product-type.bundle.unit-test";
		};
/* End PBXNativeTarget section */

/* Begin PBXProject section */
		CDF513921AC6F201000C4134 /* Project object */ = {
			isa = PBXProject;
			attributes = {
				LastUpgradeCheck = 0620;
				ORGANIZATIONNAME = Kobe;
				TargetAttributes = {
					CDF513991AC6F201000C4134 = {
						CreatedOnToolsVersion = 6.2;
						DevelopmentTeam = 38M757A4CL;
					};
					CDF513AE1AC6F201000C4134 = {
						CreatedOnToolsVersion = 6.2;
						TestTargetID = CDF513991AC6F201000C4134;
					};
				};
			};
			buildConfigurationList = CDF513951AC6F201000C4134 /* Build configuration list for PBXProject "ClearGuest" */;
			compatibilityVersion = "Xcode 3.2";
			developmentRegion = English;
			hasScannedForEncodings = 0;
			knownRegions = (
				en,
				Base,
			);
			mainGroup = CDF513911AC6F201000C4134;
			productRefGroup = CDF5139B1AC6F201000C4134 /* Products */;
			projectDirPath = "";
			projectRoot = "";
			targets = (
				CDF513991AC6F201000C4134 /* ClearGuest */,
				CDF513AE1AC6F201000C4134 /* ClearGuestTests */,
			);
		};
/* End PBXProject section */

/* Begin PBXResourcesBuildPhase section */
		CDF513981AC6F201000C4134 /* Resources */ = {
			isa = PBXResourcesBuildPhase;
			buildActionMask = 2147483647;
			files = (
				CD6025061AD59648008C09D2 /* Icon.png in Resources */,
				CD6024FC1AD584B9008C09D2 /* pick_bg@2x.png in Resources */,
				CDF513A51AC6F201000C4134 /* Main.storyboard in Resources */,
				CDF513AA1AC6F201000C4134 /* LaunchScreen.xib in Resources */,
				CDF513A71AC6F201000C4134 /* Images.xcassets in Resources */,
				CD6025071AD59648008C09D2 /* Icon@2x.png in Resources */,
			);
			runOnlyForDeploymentPostprocessing = 0;
		};
		CDF513AD1AC6F201000C4134 /* Resources */ = {
			isa = PBXResourcesBuildPhase;
			buildActionMask = 2147483647;
			files = (
			);
			runOnlyForDeploymentPostprocessing = 0;
		};
/* End PBXResourcesBuildPhase section */

/* Begin PBXShellScriptBuildPhase section */
		12B5C1A136576F8BD0679DEF /* Embed Pods Frameworks */ = {
			isa = PBXShellScriptBuildPhase;
			buildActionMask = 2147483647;
			files = (
			);
			inputPaths = (
			);
			name = "Embed Pods Frameworks";
			outputPaths = (
			);
			runOnlyForDeploymentPostprocessing = 0;
			shellPath = /bin/sh;
			shellScript = "\"${SRCROOT}/Pods/Target Support Files/Pods/Pods-frameworks.sh\"\n";
			showEnvVarsInLog = 0;
		};
		DF7720B2757A65ACC38327B7 /* Check Pods Manifest.lock */ = {
			isa = PBXShellScriptBuildPhase;
			buildActionMask = 2147483647;
			files = (
			);
			inputPaths = (
			);
			name = "Check Pods Manifest.lock";
			outputPaths = (
			);
			runOnlyForDeploymentPostprocessing = 0;
			shellPath = /bin/sh;
			shellScript = "diff \"${PODS_ROOT}/../Podfile.lock\" \"${PODS_ROOT}/Manifest.lock\" > /dev/null\nif [[ $? != 0 ]] ; then\n    cat << EOM\nerror: The sandbox is not in sync with the Podfile.lock. Run 'pod install' or update your CocoaPods installation.\nEOM\n    exit 1\nfi\n";
			showEnvVarsInLog = 0;
		};
		DFF9616708B229F495993764 /* Copy Pods Resources */ = {
			isa = PBXShellScriptBuildPhase;
			buildActionMask = 2147483647;
			files = (
			);
			inputPaths = (
			);
			name = "Copy Pods Resources";
			outputPaths = (
			);
			runOnlyForDeploymentPostprocessing = 0;
			shellPath = /bin/sh;
			shellScript = "\"${SRCROOT}/Pods/Target Support Files/Pods/Pods-resources.sh\"\n";
			showEnvVarsInLog = 0;
		};
/* End PBXShellScriptBuildPhase section */

/* Begin PBXSourcesBuildPhase section */
		CDF513961AC6F201000C4134 /* Sources */ = {
			isa = PBXSourcesBuildPhase;
			buildActionMask = 2147483647;
			files = (
				CDF513A21AC6F201000C4134 /* ViewController.swift in Sources */,
				CDF513A01AC6F201000C4134 /* AppDelegate.swift in Sources */,
				CDBB1A271AD92DC600D5EAAC /* Reachability.swift in Sources */,
				CD62AC2A1AC9860E00691138 /* ScanViewController.swift in Sources */,
			);
			runOnlyForDeploymentPostprocessing = 0;
		};
		CDF513AB1AC6F201000C4134 /* Sources */ = {
			isa = PBXSourcesBuildPhase;
			buildActionMask = 2147483647;
			files = (
				CDF513B61AC6F201000C4134 /* ClearGuestTests.swift in Sources */,
			);
			runOnlyForDeploymentPostprocessing = 0;
		};
/* End PBXSourcesBuildPhase section */

/* Begin PBXTargetDependency section */
		CDF513B11AC6F201000C4134 /* PBXTargetDependency */ = {
			isa = PBXTargetDependency;
			target = CDF513991AC6F201000C4134 /* ClearGuest */;
			targetProxy = CDF513B01AC6F201000C4134 /* PBXContainerItemProxy */;
		};
/* End PBXTargetDependency section */

/* Begin PBXVariantGroup section */
		CDF513A31AC6F201000C4134 /* Main.storyboard */ = {
			isa = PBXVariantGroup;
			children = (
				CDF513A41AC6F201000C4134 /* Base */,
			);
			name = Main.storyboard;
			sourceTree = "<group>";
		};
		CDF513A81AC6F201000C4134 /* LaunchScreen.xib */ = {
			isa = PBXVariantGroup;
			children = (
				CDF513A91AC6F201000C4134 /* Base */,
			);
			name = LaunchScreen.xib;
			sourceTree = "<group>";
		};
/* End PBXVariantGroup section */

/* Begin XCBuildConfiguration section */
		CDF513B71AC6F201000C4134 /* Debug */ = {
			isa = XCBuildConfiguration;
			buildSettings = {
				ALWAYS_SEARCH_USER_PATHS = NO;
				CLANG_CXX_LANGUAGE_STANDARD = "gnu++0x";
				CLANG_CXX_LIBRARY = "libc++";
				CLANG_ENABLE_MODULES = YES;
				CLANG_ENABLE_OBJC_ARC = YES;
				CLANG_WARN_BOOL_CONVERSION = YES;
				CLANG_WARN_CONSTANT_CONVERSION = YES;
				CLANG_WARN_DIRECT_OBJC_ISA_USAGE = YES_ERROR;
				CLANG_WARN_EMPTY_BODY = YES;
				CLANG_WARN_ENUM_CONVERSION = YES;
				CLANG_WARN_INT_CONVERSION = YES;
				CLANG_WARN_OBJC_ROOT_CLASS = YES_ERROR;
				CLANG_WARN_UNREACHABLE_CODE = YES;
				CLANG_WARN__DUPLICATE_METHOD_MATCH = YES;
				"CODE_SIGN_IDENTITY[sdk=iphoneos*]" = "iPhone Developer";
				COPY_PHASE_STRIP = NO;
				ENABLE_STRICT_OBJC_MSGSEND = YES;
				GCC_C_LANGUAGE_STANDARD = gnu99;
				GCC_DYNAMIC_NO_PIC = NO;
				GCC_OPTIMIZATION_LEVEL = 0;
				GCC_PREPROCESSOR_DEFINITIONS = (
					"DEBUG=1",
					"$(inherited)",
				);
				GCC_SYMBOLS_PRIVATE_EXTERN = NO;
				GCC_WARN_64_TO_32_BIT_CONVERSION = YES;
				GCC_WARN_ABOUT_RETURN_TYPE = YES_ERROR;
				GCC_WARN_UNDECLARED_SELECTOR = YES;
				GCC_WARN_UNINITIALIZED_AUTOS = YES_AGGRESSIVE;
				GCC_WARN_UNUSED_FUNCTION = YES;
				GCC_WARN_UNUSED_VARIABLE = YES;
				IPHONEOS_DEPLOYMENT_TARGET = 8.0;
				MTL_ENABLE_DEBUG_INFO = YES;
				ONLY_ACTIVE_ARCH = YES;
				SDKROOT = iphoneos;
				SWIFT_OBJC_BRIDGING_HEADER = "";
				SWIFT_OPTIMIZATION_LEVEL = "-Onone";
			};
			name = Debug;
		};
		CDF513B81AC6F201000C4134 /* Release */ = {
			isa = XCBuildConfiguration;
			buildSettings = {
				ALWAYS_SEARCH_USER_PATHS = NO;
				CLANG_CXX_LANGUAGE_STANDARD = "gnu++0x";
				CLANG_CXX_LIBRARY = "libc++";
				CLANG_ENABLE_MODULES = YES;
				CLANG_ENABLE_OBJC_ARC = YES;
				CLANG_WARN_BOOL_CONVERSION = YES;
				CLANG_WARN_CONSTANT_CONVERSION = YES;
				CLANG_WARN_DIRECT_OBJC_ISA_USAGE = YES_ERROR;
				CLANG_WARN_EMPTY_BODY = YES;
				CLANG_WARN_ENUM_CONVERSION = YES;
				CLANG_WARN_INT_CONVERSION = YES;
				CLANG_WARN_OBJC_ROOT_CLASS = YES_ERROR;
				CLANG_WARN_UNREACHABLE_CODE = YES;
				CLANG_WARN__DUPLICATE_METHOD_MATCH = YES;
				"CODE_SIGN_IDENTITY[sdk=iphoneos*]" = "iPhone Developer";
				COPY_PHASE_STRIP = NO;
				ENABLE_NS_ASSERTIONS = NO;
				ENABLE_STRICT_OBJC_MSGSEND = YES;
				GCC_C_LANGUAGE_STANDARD = gnu99;
				GCC_WARN_64_TO_32_BIT_CONVERSION = YES;
				GCC_WARN_ABOUT_RETURN_TYPE = YES_ERROR;
				GCC_WARN_UNDECLARED_SELECTOR = YES;
				GCC_WARN_UNINITIALIZED_AUTOS = YES_AGGRESSIVE;
				GCC_WARN_UNUSED_FUNCTION = YES;
				GCC_WARN_UNUSED_VARIABLE = YES;
				IPHONEOS_DEPLOYMENT_TARGET = 8.0;
				MTL_ENABLE_DEBUG_INFO = NO;
				SDKROOT = iphoneos;
				SWIFT_OBJC_BRIDGING_HEADER = "";
				VALIDATE_PRODUCT = YES;
			};
			name = Release;
		};
		CDF513BA1AC6F201000C4134 /* Debug */ = {
			isa = XCBuildConfiguration;
			baseConfigurationReference = 15D9A27D652BA29DEA046721 /* Pods.debug.xcconfig */;
			buildSettings = {
				ASSETCATALOG_COMPILER_APPICON_NAME = AppIcon;
				CLANG_ENABLE_MODULES = YES;
				CODE_SIGN_IDENTITY = "iPhone Developer";
				INFOPLIST_FILE = ClearGuest/Info.plist;
				IPHONEOS_DEPLOYMENT_TARGET = 8.0;
				LD_RUNPATH_SEARCH_PATHS = "$(inherited) @executable_path/Frameworks";
				LIBRARY_SEARCH_PATHS = (
					"$(inherited)",
					"$(PROJECT_DIR)/ThirdPart/getui",
				);
				PRODUCT_NAME = "$(TARGET_NAME)";
				SWIFT_OBJC_BRIDGING_HEADER = ClearGuest/SwiftObjcHeader.h;
				SWIFT_OPTIMIZATION_LEVEL = "-Onone";
			};
			name = Debug;
		};
		CDF513BB1AC6F201000C4134 /* Release */ = {
			isa = XCBuildConfiguration;
			baseConfigurationReference = C77EE855AC23E0FEB7467A8D /* Pods.release.xcconfig */;
			buildSettings = {
				ASSETCATALOG_COMPILER_APPICON_NAME = AppIcon;
				CLANG_ENABLE_MODULES = YES;
				CODE_SIGN_IDENTITY = "iPhone Developer";
				INFOPLIST_FILE = ClearGuest/Info.plist;
				IPHONEOS_DEPLOYMENT_TARGET = 8.0;
				LD_RUNPATH_SEARCH_PATHS = "$(inherited) @executable_path/Frameworks";
				LIBRARY_SEARCH_PATHS = (
					"$(inherited)",
					"$(PROJECT_DIR)/ThirdPart/getui",
				);
				PRODUCT_NAME = "$(TARGET_NAME)";
				SWIFT_OBJC_BRIDGING_HEADER = ClearGuest/SwiftObjcHeader.h;
			};
			name = Release;
		};
		CDF513BD1AC6F201000C4134 /* Debug */ = {
			isa = XCBuildConfiguration;
			buildSettings = {
				BUNDLE_LOADER = "$(TEST_HOST)";
				FRAMEWORK_SEARCH_PATHS = (
					"$(SDKROOT)/Developer/Library/Frameworks",
					"$(inherited)",
				);
				GCC_PREPROCESSOR_DEFINITIONS = (
					"DEBUG=1",
					"$(inherited)",
				);
				INFOPLIST_FILE = ClearGuestTests/Info.plist;
				LD_RUNPATH_SEARCH_PATHS = "$(inherited) @executable_path/Frameworks @loader_path/Frameworks";
				PRODUCT_NAME = "$(TARGET_NAME)";
				TEST_HOST = "$(BUILT_PRODUCTS_DIR)/ClearGuest.app/ClearGuest";
			};
			name = Debug;
		};
		CDF513BE1AC6F201000C4134 /* Release */ = {
			isa = XCBuildConfiguration;
			buildSettings = {
				BUNDLE_LOADER = "$(TEST_HOST)";
				FRAMEWORK_SEARCH_PATHS = (
					"$(SDKROOT)/Developer/Library/Frameworks",
					"$(inherited)",
				);
				INFOPLIST_FILE = ClearGuestTests/Info.plist;
				LD_RUNPATH_SEARCH_PATHS = "$(inherited) @executable_path/Frameworks @loader_path/Frameworks";
				PRODUCT_NAME = "$(TARGET_NAME)";
				TEST_HOST = "$(BUILT_PRODUCTS_DIR)/ClearGuest.app/ClearGuest";
			};
			name = Release;
		};
/* End XCBuildConfiguration section */

/* Begin XCConfigurationList section */
		CDF513951AC6F201000C4134 /* Build configuration list for PBXProject "ClearGuest" */ = {
			isa = XCConfigurationList;
			buildConfigurations = (
				CDF513B71AC6F201000C4134 /* Debug */,
				CDF513B81AC6F201000C4134 /* Release */,
			);
			defaultConfigurationIsVisible = 0;
			defaultConfigurationName = Release;
		};
		CDF513B91AC6F201000C4134 /* Build configuration list for PBXNativeTarget "ClearGuest" */ = {
			isa = XCConfigurationList;
			buildConfigurations = (
				CDF513BA1AC6F201000C4134 /* Debug */,
				CDF513BB1AC6F201000C4134 /* Release */,
			);
			defaultConfigurationIsVisible = 0;
			defaultConfigurationName = Release;
		};
		CDF513BC1AC6F201000C4134 /* Build configuration list for PBXNativeTarget "ClearGuestTests" */ = {
			isa = XCConfigurationList;
			buildConfigurations = (
				CDF513BD1AC6F201000C4134 /* Debug */,
				CDF513BE1AC6F201000C4134 /* Release */,
			);
			defaultConfigurationIsVisible = 0;
			defaultConfigurationName = Release;
		};
/* End XCConfigurationList section */
	};
	rootObject = CDF513921AC6F201000C4134 /* Project object */;
}
